// !$*UTF8*$!
{
	archiveVersion = 1;
	classes = {
	};
	objectVersion = 55;
	objects = {

/* Begin PBXBuildFile section */
		E91E5D29288EBBA900DA7AA0 /* RatingControl.swift in Sources */ = {isa = PBXBuildFile; fileRef = E91E5D28288EBBA900DA7AA0 /* RatingControl.swift */; };
		E91E5D2B288FE6F400DA7AA0 /* RatingView.swift in Sources */ = {isa = PBXBuildFile; fileRef = E91E5D2A288FE6F400DA7AA0 /* RatingView.swift */; };
		E91E5D2D2890223400DA7AA0 /* MapVC.swift in Sources */ = {isa = PBXBuildFile; fileRef = E91E5D2C2890223400DA7AA0 /* MapVC.swift */; };
		E9528E682883FB2C00D8FEA2 /* NewPlaceVC.swift in Sources */ = {isa = PBXBuildFile; fileRef = E9528E672883FB2C00D8FEA2 /* NewPlaceVC.swift */; };
		E97775B728893DC20094FCC9 /* StorageManager.swift in Sources */ = {isa = PBXBuildFile; fileRef = E97775B628893DC20094FCC9 /* StorageManager.swift */; };
		E9AA4E95288082210068FC2F /* AppDelegate.swift in Sources */ = {isa = PBXBuildFile; fileRef = E9AA4E94288082210068FC2F /* AppDelegate.swift */; };
		E9AA4E97288082210068FC2F /* SceneDelegate.swift in Sources */ = {isa = PBXBuildFile; fileRef = E9AA4E96288082210068FC2F /* SceneDelegate.swift */; };
		E9AA4E9C288082210068FC2F /* Main.storyboard in Resources */ = {isa = PBXBuildFile; fileRef = E9AA4E9A288082210068FC2F /* Main.storyboard */; };
		E9AA4E9E288082240068FC2F /* Assets.xcassets in Resources */ = {isa = PBXBuildFile; fileRef = E9AA4E9D288082240068FC2F /* Assets.xcassets */; };
		E9AA4EA1288082240068FC2F /* LaunchScreen.storyboard in Resources */ = {isa = PBXBuildFile; fileRef = E9AA4E9F288082240068FC2F /* LaunchScreen.storyboard */; };
		E9AA4EA92880874F0068FC2F /* TableViewController.swift in Sources */ = {isa = PBXBuildFile; fileRef = E9AA4EA82880874F0068FC2F /* TableViewController.swift */; };
		E9AA4EAC2882A1CF0068FC2F /* .gitignore in Resources */ = {isa = PBXBuildFile; fileRef = E9AA4EAB2882A1CF0068FC2F /* .gitignore */; };
		E9AA4EAE2882AAC00068FC2F /* CustomCell.swift in Sources */ = {isa = PBXBuildFile; fileRef = E9AA4EAD2882AAC00068FC2F /* CustomCell.swift */; };
		E9AA4EB02882B7BD0068FC2F /* PlaceModel.swift in Sources */ = {isa = PBXBuildFile; fileRef = E9AA4EAF2882B7BD0068FC2F /* PlaceModel.swift */; };
		F763687ACCF59DE87A169F50 /* Pods_MyPlacesApp.framework in Frameworks */ = {isa = PBXBuildFile; fileRef = EEFA5BE2C7E03A73251BFFF4 /* Pods_MyPlacesApp.framework */; };
/* End PBXBuildFile section */

/* Begin PBXFileReference section */
		241D70C4D4C3EA97A315F6F8 /* Pods-MyPlacesApp.debug.xcconfig */ = {isa = PBXFileReference; includeInIndex = 1; lastKnownFileType = text.xcconfig; name = "Pods-MyPlacesApp.debug.xcconfig"; path = "Target Support Files/Pods-MyPlacesApp/Pods-MyPlacesApp.debug.xcconfig"; sourceTree = "<group>"; };
		E429D7EFC4B41752B3EFCB97 /* Pods-MyPlacesApp.release.xcconfig */ = {isa = PBXFileReference; includeInIndex = 1; lastKnownFileType = text.xcconfig; name = "Pods-MyPlacesApp.release.xcconfig"; path = "Target Support Files/Pods-MyPlacesApp/Pods-MyPlacesApp.release.xcconfig"; sourceTree = "<group>"; };
		E91E5D28288EBBA900DA7AA0 /* RatingControl.swift */ = {isa = PBXFileReference; lastKnownFileType = sourcecode.swift; path = RatingControl.swift; sourceTree = "<group>"; };
		E91E5D2A288FE6F400DA7AA0 /* RatingView.swift */ = {isa = PBXFileReference; lastKnownFileType = sourcecode.swift; path = RatingView.swift; sourceTree = "<group>"; };
		E91E5D2C2890223400DA7AA0 /* MapVC.swift */ = {isa = PBXFileReference; lastKnownFileType = sourcecode.swift; path = MapVC.swift; sourceTree = "<group>"; };
		E9528E672883FB2C00D8FEA2 /* NewPlaceVC.swift */ = {isa = PBXFileReference; lastKnownFileType = sourcecode.swift; path = NewPlaceVC.swift; sourceTree = "<group>"; };
		E97775B628893DC20094FCC9 /* StorageManager.swift */ = {isa = PBXFileReference; lastKnownFileType = sourcecode.swift; path = StorageManager.swift; sourceTree = "<group>"; };
		E9AA4E91288082210068FC2F /* MyPlacesApp.app */ = {isa = PBXFileReference; explicitFileType = wrapper.application; includeInIndex = 0; path = MyPlacesApp.app; sourceTree = BUILT_PRODUCTS_DIR; };
		E9AA4E94288082210068FC2F /* AppDelegate.swift */ = {isa = PBXFileReference; lastKnownFileType = sourcecode.swift; path = AppDelegate.swift; sourceTree = "<group>"; };
		E9AA4E96288082210068FC2F /* SceneDelegate.swift */ = {isa = PBXFileReference; lastKnownFileType = sourcecode.swift; path = SceneDelegate.swift; sourceTree = "<group>"; };
		E9AA4E9B288082210068FC2F /* Base */ = {isa = PBXFileReference; lastKnownFileType = file.storyboard; name = Base; path = Base.lproj/Main.storyboard; sourceTree = "<group>"; };
		E9AA4E9D288082240068FC2F /* Assets.xcassets */ = {isa = PBXFileReference; lastKnownFileType = folder.assetcatalog; path = Assets.xcassets; sourceTree = "<group>"; };
		E9AA4EA0288082240068FC2F /* Base */ = {isa = PBXFileReference; lastKnownFileType = file.storyboard; name = Base; path = Base.lproj/LaunchScreen.storyboard; sourceTree = "<group>"; };
		E9AA4EA2288082240068FC2F /* Info.plist */ = {isa = PBXFileReference; lastKnownFileType = text.plist.xml; path = Info.plist; sourceTree = "<group>"; };
		E9AA4EA82880874F0068FC2F /* TableViewController.swift */ = {isa = PBXFileReference; lastKnownFileType = sourcecode.swift; path = TableViewController.swift; sourceTree = "<group>"; };
		E9AA4EAB2882A1CF0068FC2F /* .gitignore */ = {isa = PBXFileReference; lastKnownFileType = text; path = .gitignore; sourceTree = "<group>"; };
		E9AA4EAD2882AAC00068FC2F /* CustomCell.swift */ = {isa = PBXFileReference; lastKnownFileType = sourcecode.swift; path = CustomCell.swift; sourceTree = "<group>"; };
		E9AA4EAF2882B7BD0068FC2F /* PlaceModel.swift */ = {isa = PBXFileReference; lastKnownFileType = sourcecode.swift; path = PlaceModel.swift; sourceTree = "<group>"; };
		EEFA5BE2C7E03A73251BFFF4 /* Pods_MyPlacesApp.framework */ = {isa = PBXFileReference; explicitFileType = wrapper.framework; includeInIndex = 0; path = Pods_MyPlacesApp.framework; sourceTree = BUILT_PRODUCTS_DIR; };
/* End PBXFileReference section */

/* Begin PBXFrameworksBuildPhase section */
		E9AA4E8E288082210068FC2F /* Frameworks */ = {
			isa = PBXFrameworksBuildPhase;
			buildActionMask = 2147483647;
			files = (
				F763687ACCF59DE87A169F50 /* Pods_MyPlacesApp.framework in Frameworks */,
			);
			runOnlyForDeploymentPostprocessing = 0;
		};
/* End PBXFrameworksBuildPhase section */

/* Begin PBXGroup section */
		86496C39F7AC097C78A0F657 /* Frameworks */ = {
			isa = PBXGroup;
			children = (
				EEFA5BE2C7E03A73251BFFF4 /* Pods_MyPlacesApp.framework */,
			);
			name = Frameworks;
			sourceTree = "<group>";
		};
		D2B03585C02B4873B8D6E69D /* Pods */ = {
			isa = PBXGroup;
			children = (
				241D70C4D4C3EA97A315F6F8 /* Pods-MyPlacesApp.debug.xcconfig */,
				E429D7EFC4B41752B3EFCB97 /* Pods-MyPlacesApp.release.xcconfig */,
			);
			path = Pods;
			sourceTree = "<group>";
		};
		E9AA4E88288082210068FC2F = {
			isa = PBXGroup;
			children = (
				E9AA4EAB2882A1CF0068FC2F /* .gitignore */,
				E9AA4E93288082210068FC2F /* MyPlacesApp */,
				E9AA4E92288082210068FC2F /* Products */,
				D2B03585C02B4873B8D6E69D /* Pods */,
				86496C39F7AC097C78A0F657 /* Frameworks */,
			);
			sourceTree = "<group>";
		};
		E9AA4E92288082210068FC2F /* Products */ = {
			isa = PBXGroup;
			children = (
				E9AA4E91288082210068FC2F /* MyPlacesApp.app */,
			);
			name = Products;
			sourceTree = "<group>";
		};
		E9AA4E93288082210068FC2F /* MyPlacesApp */ = {
			isa = PBXGroup;
			children = (
				E9AA4E94288082210068FC2F /* AppDelegate.swift */,
				E9AA4EA82880874F0068FC2F /* TableViewController.swift */,
				E9528E672883FB2C00D8FEA2 /* NewPlaceVC.swift */,
				E91E5D2C2890223400DA7AA0 /* MapVC.swift */,
				E9AA4EAF2882B7BD0068FC2F /* PlaceModel.swift */,
				E9AA4EAD2882AAC00068FC2F /* CustomCell.swift */,
				E91E5D28288EBBA900DA7AA0 /* RatingControl.swift */,
				E91E5D2A288FE6F400DA7AA0 /* RatingView.swift */,
				E9AA4E96288082210068FC2F /* SceneDelegate.swift */,
				E97775B628893DC20094FCC9 /* StorageManager.swift */,
				E9AA4E9A288082210068FC2F /* Main.storyboard */,
				E9AA4E9D288082240068FC2F /* Assets.xcassets */,
				E9AA4E9F288082240068FC2F /* LaunchScreen.storyboard */,
				E9AA4EA2288082240068FC2F /* Info.plist */,
			);
			path = MyPlacesApp;
			sourceTree = "<group>";
		};
/* End PBXGroup section */

/* Begin PBXNativeTarget section */
		E9AA4E90288082210068FC2F /* MyPlacesApp */ = {
			isa = PBXNativeTarget;
			buildConfigurationList = E9AA4EA5288082240068FC2F /* Build configuration list for PBXNativeTarget "MyPlacesApp" */;
			buildPhases = (
				C3AAD8F4DD186A3C14BF21D8 /* [CP] Check Pods Manifest.lock */,
				E9AA4E8D288082210068FC2F /* Sources */,
				E9AA4E8E288082210068FC2F /* Frameworks */,
				E9AA4E8F288082210068FC2F /* Resources */,
				D0432F4D1AAE90FD71B0F081 /* [CP] Embed Pods Frameworks */,
			);
			buildRules = (
			);
			dependencies = (
			);
			name = MyPlacesApp;
			productName = MyPlacesApp;
			productReference = E9AA4E91288082210068FC2F /* MyPlacesApp.app */;
			productType = "com.apple.product-type.application";
		};
/* End PBXNativeTarget section */

/* Begin PBXProject section */
		E9AA4E89288082210068FC2F /* Project object */ = {
			isa = PBXProject;
			attributes = {
				BuildIndependentTargetsInParallel = 1;
				LastSwiftUpdateCheck = 1340;
				LastUpgradeCheck = 1340;
				TargetAttributes = {
					E9AA4E90288082210068FC2F = {
						CreatedOnToolsVersion = 13.4.1;
					};
				};
			};
			buildConfigurationList = E9AA4E8C288082210068FC2F /* Build configuration list for PBXProject "MyPlacesApp" */;
			compatibilityVersion = "Xcode 13.0";
			developmentRegion = en;
			hasScannedForEncodings = 0;
			knownRegions = (
				en,
				Base,
			);
			mainGroup = E9AA4E88288082210068FC2F;
			productRefGroup = E9AA4E92288082210068FC2F /* Products */;
			projectDirPath = "";
			projectRoot = "";
			targets = (
				E9AA4E90288082210068FC2F /* MyPlacesApp */,
			);
		};
/* End PBXProject section */

/* Begin PBXResourcesBuildPhase section */
		E9AA4E8F288082210068FC2F /* Resources */ = {
			isa = PBXResourcesBuildPhase;
			buildActionMask = 2147483647;
			files = (
				E9AA4EAC2882A1CF0068FC2F /* .gitignore in Resources */,
				E9AA4EA1288082240068FC2F /* LaunchScreen.storyboard in Resources */,
				E9AA4E9E288082240068FC2F /* Assets.xcassets in Resources */,
				E9AA4E9C288082210068FC2F /* Main.storyboard in Resources */,
			);
			runOnlyForDeploymentPostprocessing = 0;
		};
/* End PBXResourcesBuildPhase section */

/* Begin PBXShellScriptBuildPhase section */
		C3AAD8F4DD186A3C14BF21D8 /* [CP] Check Pods Manifest.lock */ = {
			isa = PBXShellScriptBuildPhase;
			buildActionMask = 2147483647;
			files = (
			);
			inputFileListPaths = (
			);
			inputPaths = (
				"${PODS_PODFILE_DIR_PATH}/Podfile.lock",
				"${PODS_ROOT}/Manifest.lock",
			);
			name = "[CP] Check Pods Manifest.lock";
			outputFileListPaths = (
			);
			outputPaths = (
				"$(DERIVED_FILE_DIR)/Pods-MyPlacesApp-checkManifestLockResult.txt",
			);
			runOnlyForDeploymentPostprocessing = 0;
			shellPath = /bin/sh;
			shellScript = "diff \"${PODS_PODFILE_DIR_PATH}/Podfile.lock\" \"${PODS_ROOT}/Manifest.lock\" > /dev/null\nif [ $? != 0 ] ; then\n    # print error to STDERR\n    echo \"error: The sandbox is not in sync with the Podfile.lock. Run 'pod install' or update your CocoaPods installation.\" >&2\n    exit 1\nfi\n# This output is used by Xcode 'outputs' to avoid re-running this script phase.\necho \"SUCCESS\" > \"${SCRIPT_OUTPUT_FILE_0}\"\n";
			showEnvVarsInLog = 0;
		};
		D0432F4D1AAE90FD71B0F081 /* [CP] Embed Pods Frameworks */ = {
			isa = PBXShellScriptBuildPhase;
			buildActionMask = 2147483647;
			files = (
			);
			inputFileListPaths = (
				"${PODS_ROOT}/Target Support Files/Pods-MyPlacesApp/Pods-MyPlacesApp-frameworks-${CONFIGURATION}-input-files.xcfilelist",
			);
			name = "[CP] Embed Pods Frameworks";
			outputFileListPaths = (
				"${PODS_ROOT}/Target Support Files/Pods-MyPlacesApp/Pods-MyPlacesApp-frameworks-${CONFIGURATION}-output-files.xcfilelist",
			);
			runOnlyForDeploymentPostprocessing = 0;
			shellPath = /bin/sh;
			shellScript = "\"${PODS_ROOT}/Target Support Files/Pods-MyPlacesApp/Pods-MyPlacesApp-frameworks.sh\"\n";
			showEnvVarsInLog = 0;
		};
/* End PBXShellScriptBuildPhase section */

/* Begin PBXSourcesBuildPhase section */
		E9AA4E8D288082210068FC2F /* Sources */ = {
			isa = PBXSourcesBuildPhase;
			buildActionMask = 2147483647;
			files = (
				E9AA4E95288082210068FC2F /* AppDelegate.swift in Sources */,
				E9AA4EA92880874F0068FC2F /* TableViewController.swift in Sources */,
				E9AA4EB02882B7BD0068FC2F /* PlaceModel.swift in Sources */,
				E91E5D2B288FE6F400DA7AA0 /* RatingView.swift in Sources */,
				E97775B728893DC20094FCC9 /* StorageManager.swift in Sources */,
				E91E5D2D2890223400DA7AA0 /* MapVC.swift in Sources */,
				E91E5D29288EBBA900DA7AA0 /* RatingControl.swift in Sources */,
				E9528E682883FB2C00D8FEA2 /* NewPlaceVC.swift in Sources */,
				E9AA4EAE2882AAC00068FC2F /* CustomCell.swift in Sources */,
				E9AA4E97288082210068FC2F /* SceneDelegate.swift in Sources */,
			);
			runOnlyForDeploymentPostprocessing = 0;
		};
/* End PBXSourcesBuildPhase section */

/* Begin PBXVariantGroup section */
		E9AA4E9A288082210068FC2F /* Main.storyboard */ = {
			isa = PBXVariantGroup;
			children = (
				E9AA4E9B288082210068FC2F /* Base */,
			);
			name = Main.storyboard;
			sourceTree = "<group>";
		};
		E9AA4E9F288082240068FC2F /* LaunchScreen.storyboard */ = {
			isa = PBXVariantGroup;
			children = (
				E9AA4EA0288082240068FC2F /* Base */,
			);
			name = LaunchScreen.storyboard;
			sourceTree = "<group>";
		};
/* End PBXVariantGroup section */

/* Begin XCBuildConfiguration section */
		E9AA4EA3288082240068FC2F /* Debug */ = {
			isa = XCBuildConfiguration;
			buildSettings = {
				ALWAYS_SEARCH_USER_PATHS = NO;
				CLANG_ANALYZER_NONNULL = YES;
				CLANG_ANALYZER_NUMBER_OBJECT_CONVERSION = YES_AGGRESSIVE;
				CLANG_CXX_LANGUAGE_STANDARD = "gnu++17";
				CLANG_ENABLE_MODULES = YES;
				CLANG_ENABLE_OBJC_ARC = YES;
				CLANG_ENABLE_OBJC_WEAK = YES;
				CLANG_WARN_BLOCK_CAPTURE_AUTORELEASING = YES;
				CLANG_WARN_BOOL_CONVERSION = YES;
				CLANG_WARN_COMMA = YES;
				CLANG_WARN_CONSTANT_CONVERSION = YES;
				CLANG_WARN_DEPRECATED_OBJC_IMPLEMENTATIONS = YES;
				CLANG_WARN_DIRECT_OBJC_ISA_USAGE = YES_ERROR;
				CLANG_WARN_DOCUMENTATION_COMMENTS = YES;
				CLANG_WARN_EMPTY_BODY = YES;
				CLANG_WARN_ENUM_CONVERSION = YES;
				CLANG_WARN_INFINITE_RECURSION = YES;
				CLANG_WARN_INT_CONVERSION = YES;
				CLANG_WARN_NON_LITERAL_NULL_CONVERSION = YES;
				CLANG_WARN_OBJC_IMPLICIT_RETAIN_SELF = YES;
				CLANG_WARN_OBJC_LITERAL_CONVERSION = YES;
				CLANG_WARN_OBJC_ROOT_CLASS = YES_ERROR;
				CLANG_WARN_QUOTED_INCLUDE_IN_FRAMEWORK_HEADER = YES;
				CLANG_WARN_RANGE_LOOP_ANALYSIS = YES;
				CLANG_WARN_STRICT_PROTOTYPES = YES;
				CLANG_WARN_SUSPICIOUS_MOVE = YES;
				CLANG_WARN_UNGUARDED_AVAILABILITY = YES_AGGRESSIVE;
				CLANG_WARN_UNREACHABLE_CODE = YES;
				CLANG_WARN__DUPLICATE_METHOD_MATCH = YES;
				COPY_PHASE_STRIP = NO;
				DEBUG_INFORMATION_FORMAT = dwarf;
				ENABLE_STRICT_OBJC_MSGSEND = YES;
				ENABLE_TESTABILITY = YES;
				GCC_C_LANGUAGE_STANDARD = gnu11;
				GCC_DYNAMIC_NO_PIC = NO;
				GCC_NO_COMMON_BLOCKS = YES;
				GCC_OPTIMIZATION_LEVEL = 0;
				GCC_PREPROCESSOR_DEFINITIONS = (
					"DEBUG=1",
					"$(inherited)",
				);
				GCC_WARN_64_TO_32_BIT_CONVERSION = YES;
				GCC_WARN_ABOUT_RETURN_TYPE = YES_ERROR;
				GCC_WARN_UNDECLARED_SELECTOR = YES;
				GCC_WARN_UNINITIALIZED_AUTOS = YES_AGGRESSIVE;
				GCC_WARN_UNUSED_FUNCTION = YES;
				GCC_WARN_UNUSED_VARIABLE = YES;
				IPHONEOS_DEPLOYMENT_TARGET = 15.5;
				MTL_ENABLE_DEBUG_INFO = INCLUDE_SOURCE;
				MTL_FAST_MATH = YES;
				ONLY_ACTIVE_ARCH = YES;
				SDKROOT = iphoneos;
				SWIFT_ACTIVE_COMPILATION_CONDITIONS = DEBUG;
				SWIFT_OPTIMIZATION_LEVEL = "-Onone";
			};
			name = Debug;
		};
		E9AA4EA4288082240068FC2F /* Release */ = {
			isa = XCBuildConfiguration;
			buildSettings = {
				ALWAYS_SEARCH_USER_PATHS = NO;
				CLANG_ANALYZER_NONNULL = YES;
				CLANG_ANALYZER_NUMBER_OBJECT_CONVERSION = YES_AGGRESSIVE;
				CLANG_CXX_LANGUAGE_STANDARD = "gnu++17";
				CLANG_ENABLE_MODULES = YES;
				CLANG_ENABLE_OBJC_ARC = YES;
				CLANG_ENABLE_OBJC_WEAK = YES;
				CLANG_WARN_BLOCK_CAPTURE_AUTORELEASING = YES;
				CLANG_WARN_BOOL_CONVERSION = YES;
				CLANG_WARN_COMMA = YES;
				CLANG_WARN_CONSTANT_CONVERSION = YES;
				CLANG_WARN_DEPRECATED_OBJC_IMPLEMENTATIONS = YES;
				CLANG_WARN_DIRECT_OBJC_ISA_USAGE = YES_ERROR;
				CLANG_WARN_DOCUMENTATION_COMMENTS = YES;
				CLANG_WARN_EMPTY_BODY = YES;
				CLANG_WARN_ENUM_CONVERSION = YES;
				CLANG_WARN_INFINITE_RECURSION = YES;
				CLANG_WARN_INT_CONVERSION = YES;
				CLANG_WARN_NON_LITERAL_NULL_CONVERSION = YES;
				CLANG_WARN_OBJC_IMPLICIT_RETAIN_SELF = YES;
				CLANG_WARN_OBJC_LITERAL_CONVERSION = YES;
				CLANG_WARN_OBJC_ROOT_CLASS = YES_ERROR;
				CLANG_WARN_QUOTED_INCLUDE_IN_FRAMEWORK_HEADER = YES;
				CLANG_WARN_RANGE_LOOP_ANALYSIS = YES;
				CLANG_WARN_STRICT_PROTOTYPES = YES;
				CLANG_WARN_SUSPICIOUS_MOVE = YES;
				CLANG_WARN_UNGUARDED_AVAILABILITY = YES_AGGRESSIVE;
				CLANG_WARN_UNREACHABLE_CODE = YES;
				CLANG_WARN__DUPLICATE_METHOD_MATCH = YES;
				COPY_PHASE_STRIP = NO;
				DEBUG_INFORMATION_FORMAT = "dwarf-with-dsym";
				ENABLE_NS_ASSERTIONS = NO;
				ENABLE_STRICT_OBJC_MSGSEND = YES;
				GCC_C_LANGUAGE_STANDARD = gnu11;
				GCC_NO_COMMON_BLOCKS = YES;
				GCC_WARN_64_TO_32_BIT_CONVERSION = YES;
				GCC_WARN_ABOUT_RETURN_TYPE = YES_ERROR;
				GCC_WARN_UNDECLARED_SELECTOR = YES;
				GCC_WARN_UNINITIALIZED_AUTOS = YES_AGGRESSIVE;
				GCC_WARN_UNUSED_FUNCTION = YES;
				GCC_WARN_UNUSED_VARIABLE = YES;
				IPHONEOS_DEPLOYMENT_TARGET = 15.5;
				MTL_ENABLE_DEBUG_INFO = NO;
				MTL_FAST_MATH = YES;
				SDKROOT = iphoneos;
				SWIFT_COMPILATION_MODE = wholemodule;
				SWIFT_OPTIMIZATION_LEVEL = "-O";
				VALIDATE_PRODUCT = YES;
			};
			name = Release;
		};
		E9AA4EA6288082240068FC2F /* Debug */ = {
			isa = XCBuildConfiguration;
			baseConfigurationReference = 241D70C4D4C3EA97A315F6F8 /* Pods-MyPlacesApp.debug.xcconfig */;
			buildSettings = {
				ASSETCATALOG_COMPILER_APPICON_NAME = AppIcon;
				ASSETCATALOG_COMPILER_GLOBAL_ACCENT_COLOR_NAME = AccentColor;
				CODE_SIGN_STYLE = Automatic;
				CURRENT_PROJECT_VERSION = 1;
				DEVELOPMENT_TEAM = T7V59D54TD;
				GENERATE_INFOPLIST_FILE = YES;
				INFOPLIST_FILE = MyPlacesApp/Info.plist;
				INFOPLIST_KEY_UIApplicationSupportsIndirectInputEvents = YES;
				INFOPLIST_KEY_UILaunchStoryboardName = LaunchScreen;
				INFOPLIST_KEY_UIMainStoryboardFile = Main;
				INFOPLIST_KEY_UISupportedInterfaceOrientations_iPad = "UIInterfaceOrientationPortrait UIInterfaceOrientationPortraitUpsideDown UIInterfaceOrientationLandscapeLeft UIInterfaceOrientationLandscapeRight";
				INFOPLIST_KEY_UISupportedInterfaceOrientations_iPhone = "UIInterfaceOrientationPortrait UIInterfaceOrientationLandscapeLeft UIInterfaceOrientationLandscapeRight";
				LD_RUNPATH_SEARCH_PATHS = (
					"$(inherited)",
					"@executable_path/Frameworks",
				);
				MARKETING_VERSION = 1.0;
				PRODUCT_BUNDLE_IDENTIFIER = com.github.felondrum.MyPlacesApp;
				PRODUCT_NAME = "$(TARGET_NAME)";
				SWIFT_EMIT_LOC_STRINGS = YES;
				SWIFT_VERSION = 5.0;
				TARGETED_DEVICE_FAMILY = "1,2";
			};
			name = Debug;
		};
		E9AA4EA7288082240068FC2F /* Release */ = {
			isa = XCBuildConfiguration;
			baseConfigurationReference = E429D7EFC4B41752B3EFCB97 /* Pods-MyPlacesApp.release.xcconfig */;
			buildSettings = {
				ASSETCATALOG_COMPILER_APPICON_NAME = AppIcon;
				ASSETCATALOG_COMPILER_GLOBAL_ACCENT_COLOR_NAME = AccentColor;
				CODE_SIGN_STYLE = Automatic;
				CURRENT_PROJECT_VERSION = 1;
				DEVELOPMENT_TEAM = T7V59D54TD;
				GENERATE_INFOPLIST_FILE = YES;
				INFOPLIST_FILE = MyPlacesApp/Info.plist;
				INFOPLIST_KEY_UIApplicationSupportsIndirectInputEvents = YES;
				INFOPLIST_KEY_UILaunchStoryboardName = LaunchScreen;
				INFOPLIST_KEY_UIMainStoryboardFile = Main;
				INFOPLIST_KEY_UISupportedInterfaceOrientations_iPad = "UIInterfaceOrientationPortrait UIInterfaceOrientationPortraitUpsideDown UIInterfaceOrientationLandscapeLeft UIInterfaceOrientationLandscapeRight";
				INFOPLIST_KEY_UISupportedInterfaceOrientations_iPhone = "UIInterfaceOrientationPortrait UIInterfaceOrientationLandscapeLeft UIInterfaceOrientationLandscapeRight";
				LD_RUNPATH_SEARCH_PATHS = (
					"$(inherited)",
					"@executable_path/Frameworks",
				);
				MARKETING_VERSION = 1.0;
				PRODUCT_BUNDLE_IDENTIFIER = com.github.felondrum.MyPlacesApp;
				PRODUCT_NAME = "$(TARGET_NAME)";
				SWIFT_EMIT_LOC_STRINGS = YES;
				SWIFT_VERSION = 5.0;
				TARGETED_DEVICE_FAMILY = "1,2";
			};
			name = Release;
		};
/* End XCBuildConfiguration section */

/* Begin XCConfigurationList section */
		E9AA4E8C288082210068FC2F /* Build configuration list for PBXProject "MyPlacesApp" */ = {
			isa = XCConfigurationList;
			buildConfigurations = (
				E9AA4EA3288082240068FC2F /* Debug */,
				E9AA4EA4288082240068FC2F /* Release */,
			);
			defaultConfigurationIsVisible = 0;
			defaultConfigurationName = Release;
		};
		E9AA4EA5288082240068FC2F /* Build configuration list for PBXNativeTarget "MyPlacesApp" */ = {
			isa = XCConfigurationList;
			buildConfigurations = (
				E9AA4EA6288082240068FC2F /* Debug */,
				E9AA4EA7288082240068FC2F /* Release */,
			);
			defaultConfigurationIsVisible = 0;
			defaultConfigurationName = Release;
		};
/* End XCConfigurationList section */
	};
	rootObject = E9AA4E89288082210068FC2F /* Project object */;
}
